
Microsoft Visual Studio Solution File, Format Version 12.00
Project("{FAE04EC0-301F-11D3-BF4B-00C04F79EFBC}") = "Kolos_2_poprawa", "Kolos_2_poprawa\Kolos_2_poprawa.csproj", "{54AE15A0-15BC-4255-A04E-3B9DDB22DF9B}"
EndProject
Global
	GlobalSection(SolutionConfigurationPlatforms) = preSolution
		Debug|Any CPU = Debug|Any CPU
		Release|Any CPU = Release|Any CPU
	EndGlobalSection
	GlobalSection(ProjectConfigurationPlatforms) = postSolution
		{54AE15A0-15BC-4255-A04E-3B9DDB22DF9B}.Debug|Any CPU.ActiveCfg = Debug|Any CPU
		{54AE15A0-15BC-4255-A04E-3B9DDB22DF9B}.Debug|Any CPU.Build.0 = Debug|Any CPU
		{54AE15A0-15BC-4255-A04E-3B9DDB22DF9B}.Release|Any CPU.ActiveCfg = Release|Any CPU
		{54AE15A0-15BC-4255-A04E-3B9DDB22DF9B}.Release|Any CPU.Build.0 = Release|Any CPU
	EndGlobalSection
EndGlobal
